
Microsoft Visual Studio Solution File, Format Version 12.00
# Visual Studio 15
VisualStudioVersion = 15.0.27703.2035
MinimumVisualStudioVersion = 10.0.40219.1
Project("{9A19103F-16F7-4668-BE54-9A1E7A4F7556}") = "BeYeuBookstore", "ERPWebApp\BeYeuBookstore.csproj", "{4A5C223D-2AE6-4ABF-84A5-427BED4B0762}"
EndProject
Project("{2150E333-8FDC-42A3-9474-1A3956D46DE8}") = "1 - Presentation", "1 - Presentation", "{4A03E9F8-1D4F-4451-AC69-2E616480D797}"
EndProject
Project("{2150E333-8FDC-42A3-9474-1A3956D46DE8}") = "2 - Application", "2 - Application", "{9D521FBB-9A2F-4A34-8C6D-7EAB93B5C422}"
EndProject
Project("{2150E333-8FDC-42A3-9474-1A3956D46DE8}") = "3 - Domain", "3 - Domain", "{76D0E36F-D4FB-4353-9D13-90CBBB84DC3E}"
EndProject
Project("{2150E333-8FDC-42A3-9474-1A3956D46DE8}") = "4 - Infrastructure", "4 - Infrastructure", "{6F34C7DE-AD28-4BFE-8597-6CBFC842074A}"
EndProject
Project("{9A19103F-16F7-4668-BE54-9A1E7A4F7556}") = "BeYeuBookstore.Application", "ERPWebApp.Application\BeYeuBookstore.Application.csproj", "{99386F6E-4558-4555-BF56-C0767403859D}"
EndProject
Project("{9A19103F-16F7-4668-BE54-9A1E7A4F7556}") = "BeYeuBookstore.Data", "ERPWebApp.Data\BeYeuBookstore.Data.csproj", "{4D21984A-7E1B-4EEE-BC9F-19DEB37107E8}"
EndProject
Project("{9A19103F-16F7-4668-BE54-9A1E7A4F7556}") = "BeYeuBookstore.Data.EF", "ERPWebApp.Data.EF\BeYeuBookstore.Data.EF.csproj", "{67D74B88-F938-4711-A550-B2CBBBF4845C}"
EndProject
Project("{9A19103F-16F7-4668-BE54-9A1E7A4F7556}") = "BeYeuBookstore.Infrastructure", "ERPWebApp.Infrastructure\BeYeuBookstore.Infrastructure.csproj", "{A32D8453-D74D-45A0-A4FE-AE2B0DDA6414}"
EndProject
Project("{9A19103F-16F7-4668-BE54-9A1E7A4F7556}") = "BeYeuBookstore.Utilities", "ERPWebApp.Utilities\BeYeuBookstore.Utilities.csproj", "{25661F31-7CF2-44B7-9CD0-9B128593C992}"
EndProject
Global
	GlobalSection(SolutionConfigurationPlatforms) = preSolution
		Debug|Any CPU = Debug|Any CPU
		Release|Any CPU = Release|Any CPU
	EndGlobalSection
	GlobalSection(ProjectConfigurationPlatforms) = postSolution
		{4A5C223D-2AE6-4ABF-84A5-427BED4B0762}.Debug|Any CPU.ActiveCfg = Debug|Any CPU
		{4A5C223D-2AE6-4ABF-84A5-427BED4B0762}.Debug|Any CPU.Build.0 = Debug|Any CPU
		{4A5C223D-2AE6-4ABF-84A5-427BED4B0762}.Release|Any CPU.ActiveCfg = Release|Any CPU
		{4A5C223D-2AE6-4ABF-84A5-427BED4B0762}.Release|Any CPU.Build.0 = Release|Any CPU
		{99386F6E-4558-4555-BF56-C0767403859D}.Debug|Any CPU.ActiveCfg = Debug|Any CPU
		{99386F6E-4558-4555-BF56-C0767403859D}.Debug|Any CPU.Build.0 = Debug|Any CPU
		{99386F6E-4558-4555-BF56-C0767403859D}.Release|Any CPU.ActiveCfg = Release|Any CPU
		{99386F6E-4558-4555-BF56-C0767403859D}.Release|Any CPU.Build.0 = Release|Any CPU
		{4D21984A-7E1B-4EEE-BC9F-19DEB37107E8}.Debug|Any CPU.ActiveCfg = Debug|Any CPU
		{4D21984A-7E1B-4EEE-BC9F-19DEB37107E8}.Debug|Any CPU.Build.0 = Debug|Any CPU
		{4D21984A-7E1B-4EEE-BC9F-19DEB37107E8}.Release|Any CPU.ActiveCfg = Release|Any CPU
		{4D21984A-7E1B-4EEE-BC9F-19DEB37107E8}.Release|Any CPU.Build.0 = Release|Any CPU
		{67D74B88-F938-4711-A550-B2CBBBF4845C}.Debug|Any CPU.ActiveCfg = Debug|Any CPU
		{67D74B88-F938-4711-A550-B2CBBBF4845C}.Debug|Any CPU.Build.0 = Debug|Any CPU
		{67D74B88-F938-4711-A550-B2CBBBF4845C}.Release|Any CPU.ActiveCfg = Release|Any CPU
		{67D74B88-F938-4711-A550-B2CBBBF4845C}.Release|Any CPU.Build.0 = Release|Any CPU
		{A32D8453-D74D-45A0-A4FE-AE2B0DDA6414}.Debug|Any CPU.ActiveCfg = Debug|Any CPU
		{A32D8453-D74D-45A0-A4FE-AE2B0DDA6414}.Debug|Any CPU.Build.0 = Debug|Any CPU
		{A32D8453-D74D-45A0-A4FE-AE2B0DDA6414}.Release|Any CPU.ActiveCfg = Release|Any CPU
		{A32D8453-D74D-45A0-A4FE-AE2B0DDA6414}.Release|Any CPU.Build.0 = Release|Any CPU
		{25661F31-7CF2-44B7-9CD0-9B128593C992}.Debug|Any CPU.ActiveCfg = Debug|Any CPU
		{25661F31-7CF2-44B7-9CD0-9B128593C992}.Debug|Any CPU.Build.0 = Debug|Any CPU
		{25661F31-7CF2-44B7-9CD0-9B128593C992}.Release|Any CPU.ActiveCfg = Release|Any CPU
		{25661F31-7CF2-44B7-9CD0-9B128593C992}.Release|Any CPU.Build.0 = Release|Any CPU
	EndGlobalSection
	GlobalSection(SolutionProperties) = preSolution
		HideSolutionNode = FALSE
	EndGlobalSection
	GlobalSection(NestedProjects) = preSolution
		{4A5C223D-2AE6-4ABF-84A5-427BED4B0762} = {4A03E9F8-1D4F-4451-AC69-2E616480D797}
		{99386F6E-4558-4555-BF56-C0767403859D} = {9D521FBB-9A2F-4A34-8C6D-7EAB93B5C422}
		{4D21984A-7E1B-4EEE-BC9F-19DEB37107E8} = {76D0E36F-D4FB-4353-9D13-90CBBB84DC3E}
		{67D74B88-F938-4711-A550-B2CBBBF4845C} = {76D0E36F-D4FB-4353-9D13-90CBBB84DC3E}
		{A32D8453-D74D-45A0-A4FE-AE2B0DDA6414} = {6F34C7DE-AD28-4BFE-8597-6CBFC842074A}
		{25661F31-7CF2-44B7-9CD0-9B128593C992} = {6F34C7DE-AD28-4BFE-8597-6CBFC842074A}
	EndGlobalSection
	GlobalSection(ExtensibilityGlobals) = postSolution
		SolutionGuid = {C268B809-E72F-43DA-875D-EB39028A83AC}
	EndGlobalSection
EndGlobal
